// !$*UTF8*$!
{
	archiveVersion = 1;
	classes = {
	};
	objectVersion = 50;
	objects = {

/* Begin PBXBuildFile section */
		CEBDD5D820B9D0CE005F38B7 /* AppDelegate.swift in Sources */ = {isa = PBXBuildFile; fileRef = CEBDD5D720B9D0CE005F38B7 /* AppDelegate.swift */; };
		CEBDD5DA20B9D0CE005F38B7 /* ViewController.swift in Sources */ = {isa = PBXBuildFile; fileRef = CEBDD5D920B9D0CE005F38B7 /* ViewController.swift */; };
		CEBDD5DD20B9D0CE005F38B7 /* Main.storyboard in Resources */ = {isa = PBXBuildFile; fileRef = CEBDD5DB20B9D0CE005F38B7 /* Main.storyboard */; };
		CEBDD5DF20B9D0CF005F38B7 /* Assets.xcassets in Resources */ = {isa = PBXBuildFile; fileRef = CEBDD5DE20B9D0CF005F38B7 /* Assets.xcassets */; };
		CEBDD5E220B9D0CF005F38B7 /* LaunchScreen.storyboard in Resources */ = {isa = PBXBuildFile; fileRef = CEBDD5E020B9D0CF005F38B7 /* LaunchScreen.storyboard */; };
		CEBDD5F120B9D150005F38B7 /* WeatherKit.framework in Frameworks */ = {isa = PBXBuildFile; fileRef = CEBDD5F020B9D150005F38B7 /* WeatherKit.framework */; };
		CEBDD5F220B9D150005F38B7 /* WeatherKit.framework in Embed Frameworks */ = {isa = PBXBuildFile; fileRef = CEBDD5F020B9D150005F38B7 /* WeatherKit.framework */; settings = {ATTRIBUTES = (CodeSignOnCopy, RemoveHeadersOnCopy, ); }; };
/* End PBXBuildFile section */

/* Begin PBXCopyFilesBuildPhase section */
		CEBDD5F320B9D150005F38B7 /* Embed Frameworks */ = {
			isa = PBXCopyFilesBuildPhase;
			buildActionMask = 2147483647;
			dstPath = "";
			dstSubfolderSpec = 10;
			files = (
				CEBDD5F220B9D150005F38B7 /* WeatherKit.framework in Embed Frameworks */,
			);
			name = "Embed Frameworks";
			runOnlyForDeploymentPostprocessing = 0;
		};
/* End PBXCopyFilesBuildPhase section */

/* Begin PBXFileReference section */
		CEBDD5D420B9D0CE005F38B7 /* WeatherKitExample.app */ = {isa = PBXFileReference; explicitFileType = wrapper.application; includeInIndex = 0; path = WeatherKitExample.app; sourceTree = BUILT_PRODUCTS_DIR; };
		CEBDD5D720B9D0CE005F38B7 /* AppDelegate.swift */ = {isa = PBXFileReference; lastKnownFileType = sourcecode.swift; path = AppDelegate.swift; sourceTree = "<group>"; };
		CEBDD5D920B9D0CE005F38B7 /* ViewController.swift */ = {isa = PBXFileReference; lastKnownFileType = sourcecode.swift; path = ViewController.swift; sourceTree = "<group>"; };
		CEBDD5DC20B9D0CE005F38B7 /* Base */ = {isa = PBXFileReference; lastKnownFileType = file.storyboard; name = Base; path = Base.lproj/Main.storyboard; sourceTree = "<group>"; };
		CEBDD5DE20B9D0CF005F38B7 /* Assets.xcassets */ = {isa = PBXFileReference; lastKnownFileType = folder.assetcatalog; path = Assets.xcassets; sourceTree = "<group>"; };
		CEBDD5E120B9D0CF005F38B7 /* Base */ = {isa = PBXFileReference; lastKnownFileType = file.storyboard; name = Base; path = Base.lproj/LaunchScreen.storyboard; sourceTree = "<group>"; };
		CEBDD5E320B9D0CF005F38B7 /* Info.plist */ = {isa = PBXFileReference; lastKnownFileType = text.plist.xml; path = Info.plist; sourceTree = "<group>"; };
		CEBDD5F020B9D150005F38B7 /* WeatherKit.framework */ = {isa = PBXFileReference; explicitFileType = wrapper.framework; path = WeatherKit.framework; sourceTree = BUILT_PRODUCTS_DIR; };
/* End PBXFileReference section */

/* Begin PBXFrameworksBuildPhase section */
		CEBDD5D120B9D0CE005F38B7 /* Frameworks */ = {
			isa = PBXFrameworksBuildPhase;
			buildActionMask = 2147483647;
			files = (
				CEBDD5F120B9D150005F38B7 /* WeatherKit.framework in Frameworks */,
			);
			runOnlyForDeploymentPostprocessing = 0;
		};
/* End PBXFrameworksBuildPhase section */

/* Begin PBXGroup section */
		CEBDD5CB20B9D0CE005F38B7 = {
			isa = PBXGroup;
			children = (
				CEBDD5D620B9D0CE005F38B7 /* WeatherKitExample */,
				CEBDD5D520B9D0CE005F38B7 /* Products */,
			);
			sourceTree = "<group>";
		};
		CEBDD5D520B9D0CE005F38B7 /* Products */ = {
			isa = PBXGroup;
			children = (
				CEBDD5D420B9D0CE005F38B7 /* WeatherKitExample.app */,
			);
			name = Products;
			sourceTree = "<group>";
		};
		CEBDD5D620B9D0CE005F38B7 /* WeatherKitExample */ = {
			isa = PBXGroup;
			children = (
				CEBDD5E920B9D0FB005F38B7 /* Core */,
				CEBDD5F420B9D18D005F38B7 /* Frameworks */,
				CEBDD5EB20B9D107005F38B7 /* Resources */,
				CEBDD5EC20B9D110005F38B7 /* Support Files */,
				CEBDD5EA20B9D100005F38B7 /* View Controllers */,
			);
			path = WeatherKitExample;
			sourceTree = "<group>";
		};
		CEBDD5E920B9D0FB005F38B7 /* Core */ = {
			isa = PBXGroup;
			children = (
				CEBDD5D720B9D0CE005F38B7 /* AppDelegate.swift */,
			);
			path = Core;
			sourceTree = "<group>";
		};
		CEBDD5EA20B9D100005F38B7 /* View Controllers */ = {
			isa = PBXGroup;
			children = (
				CEBDD5D920B9D0CE005F38B7 /* ViewController.swift */,
			);
			path = "View Controllers";
			sourceTree = "<group>";
		};
		CEBDD5EB20B9D107005F38B7 /* Resources */ = {
			isa = PBXGroup;
			children = (
				CEBDD5DB20B9D0CE005F38B7 /* Main.storyboard */,
				CEBDD5DE20B9D0CF005F38B7 /* Assets.xcassets */,
				CEBDD5E020B9D0CF005F38B7 /* LaunchScreen.storyboard */,
			);
			path = Resources;
			sourceTree = "<group>";
		};
		CEBDD5EC20B9D110005F38B7 /* Support Files */ = {
			isa = PBXGroup;
			children = (
				CEBDD5E320B9D0CF005F38B7 /* Info.plist */,
			);
			path = "Support Files";
			sourceTree = "<group>";
		};
		CEBDD5F420B9D18D005F38B7 /* Frameworks */ = {
			isa = PBXGroup;
			children = (
				CEBDD5F020B9D150005F38B7 /* WeatherKit.framework */,
			);
			name = Frameworks;
			sourceTree = "<group>";
		};
/* End PBXGroup section */

/* Begin PBXNativeTarget section */
		CEBDD5D320B9D0CE005F38B7 /* WeatherKitExample */ = {
			isa = PBXNativeTarget;
			buildConfigurationList = CEBDD5E620B9D0CF005F38B7 /* Build configuration list for PBXNativeTarget "WeatherKitExample" */;
			buildPhases = (
				CEBDD5D020B9D0CE005F38B7 /* Sources */,
				CEBDD5D120B9D0CE005F38B7 /* Frameworks */,
				CEBDD5D220B9D0CE005F38B7 /* Resources */,
				CEBDD5F320B9D150005F38B7 /* Embed Frameworks */,
			);
			buildRules = (
			);
			dependencies = (
			);
			name = WeatherKitExample;
			productName = WeatherKitExample;
			productReference = CEBDD5D420B9D0CE005F38B7 /* WeatherKitExample.app */;
			productType = "com.apple.product-type.application";
		};
/* End PBXNativeTarget section */

/* Begin PBXProject section */
		CEBDD5CC20B9D0CE005F38B7 /* Project object */ = {
			isa = PBXProject;
			attributes = {
				LastSwiftUpdateCheck = 0930;
				LastUpgradeCheck = 0930;
				ORGANIZATIONNAME = davemess;
				TargetAttributes = {
					CEBDD5D320B9D0CE005F38B7 = {
						CreatedOnToolsVersion = 9.3;
					};
				};
			};
			buildConfigurationList = CEBDD5CF20B9D0CE005F38B7 /* Build configuration list for PBXProject "WeatherKitExample" */;
			compatibilityVersion = "Xcode 9.3";
			developmentRegion = en;
			hasScannedForEncodings = 0;
			knownRegions = (
				en,
				Base,
			);
			mainGroup = CEBDD5CB20B9D0CE005F38B7;
			productRefGroup = CEBDD5D520B9D0CE005F38B7 /* Products */;
			projectDirPath = "";
			projectRoot = "";
			targets = (
				CEBDD5D320B9D0CE005F38B7 /* WeatherKitExample */,
			);
		};
/* End PBXProject section */

/* Begin PBXResourcesBuildPhase section */
		CEBDD5D220B9D0CE005F38B7 /* Resources */ = {
			isa = PBXResourcesBuildPhase;
			buildActionMask = 2147483647;
			files = (
				CEBDD5E220B9D0CF005F38B7 /* LaunchScreen.storyboard in Resources */,
				CEBDD5DF20B9D0CF005F38B7 /* Assets.xcassets in Resources */,
				CEBDD5DD20B9D0CE005F38B7 /* Main.storyboard in Resources */,
			);
			runOnlyForDeploymentPostprocessing = 0;
		};
/* End PBXResourcesBuildPhase section */

/* Begin PBXSourcesBuildPhase section */
		CEBDD5D020B9D0CE005F38B7 /* Sources */ = {
			isa = PBXSourcesBuildPhase;
			buildActionMask = 2147483647;
			files = (
				CEBDD5DA20B9D0CE005F38B7 /* ViewController.swift in Sources */,
				CEBDD5D820B9D0CE005F38B7 /* AppDelegate.swift in Sources */,
			);
			runOnlyForDeploymentPostprocessing = 0;
		};
/* End PBXSourcesBuildPhase section */

/* Begin PBXVariantGroup section */
		CEBDD5DB20B9D0CE005F38B7 /* Main.storyboard */ = {
			isa = PBXVariantGroup;
			children = (
				CEBDD5DC20B9D0CE005F38B7 /* Base */,
			);
			name = Main.storyboard;
			sourceTree = "<group>";
		};
		CEBDD5E020B9D0CF005F38B7 /* LaunchScreen.storyboard */ = {
			isa = PBXVariantGroup;
			children = (
				CEBDD5E120B9D0CF005F38B7 /* Base */,
			);
			name = LaunchScreen.storyboard;
			sourceTree = "<group>";
		};
/* End PBXVariantGroup section */

/* Begin XCBuildConfiguration section */
		CEBDD5E420B9D0CF005F38B7 /* Debug */ = {
			isa = XCBuildConfiguration;
			buildSettings = {
				ALWAYS_SEARCH_USER_PATHS = NO;
				CLANG_ANALYZER_NONNULL = YES;
				CLANG_ANALYZER_NUMBER_OBJECT_CONVERSION = YES_AGGRESSIVE;
				CLANG_CXX_LANGUAGE_STANDARD = "gnu++14";
				CLANG_CXX_LIBRARY = "libc++";
				CLANG_ENABLE_MODULES = YES;
				CLANG_ENABLE_OBJC_ARC = YES;
				CLANG_ENABLE_OBJC_WEAK = YES;
				CLANG_WARN_BLOCK_CAPTURE_AUTORELEASING = YES;
				CLANG_WARN_BOOL_CONVERSION = YES;
				CLANG_WARN_COMMA = YES;
				CLANG_WARN_CONSTANT_CONVERSION = YES;
				CLANG_WARN_DEPRECATED_OBJC_IMPLEMENTATIONS = YES;
				CLANG_WARN_DIRECT_OBJC_ISA_USAGE = YES_ERROR;
				CLANG_WARN_DOCUMENTATION_COMMENTS = YES;
				CLANG_WARN_EMPTY_BODY = YES;
				CLANG_WARN_ENUM_CONVERSION = YES;
				CLANG_WARN_INFINITE_RECURSION = YES;
				CLANG_WARN_INT_CONVERSION = YES;
				CLANG_WARN_NON_LITERAL_NULL_CONVERSION = YES;
				CLANG_WARN_OBJC_IMPLICIT_RETAIN_SELF = YES;
				CLANG_WARN_OBJC_LITERAL_CONVERSION = YES;
				CLANG_WARN_OBJC_ROOT_CLASS = YES_ERROR;
				CLANG_WARN_RANGE_LOOP_ANALYSIS = YES;
				CLANG_WARN_STRICT_PROTOTYPES = YES;
				CLANG_WARN_SUSPICIOUS_MOVE = YES;
				CLANG_WARN_UNGUARDED_AVAILABILITY = YES_AGGRESSIVE;
				CLANG_WARN_UNREACHABLE_CODE = YES;
				CLANG_WARN__DUPLICATE_METHOD_MATCH = YES;
				CODE_SIGN_IDENTITY = "iPhone Developer";
				COPY_PHASE_STRIP = NO;
				DEBUG_INFORMATION_FORMAT = dwarf;
				ENABLE_STRICT_OBJC_MSGSEND = YES;
				ENABLE_TESTABILITY = YES;
				GCC_C_LANGUAGE_STANDARD = gnu11;
				GCC_DYNAMIC_NO_PIC = NO;
				GCC_NO_COMMON_BLOCKS = YES;
				GCC_OPTIMIZATION_LEVEL = 0;
				GCC_PREPROCESSOR_DEFINITIONS = (
					"DEBUG=1",
					"$(inherited)",
				);
				GCC_WARN_64_TO_32_BIT_CONVERSION = YES;
				GCC_WARN_ABOUT_RETURN_TYPE = YES_ERROR;
				GCC_WARN_UNDECLARED_SELECTOR = YES;
				GCC_WARN_UNINITIALIZED_AUTOS = YES_AGGRESSIVE;
				GCC_WARN_UNUSED_FUNCTION = YES;
				GCC_WARN_UNUSED_VARIABLE = YES;
				IPHONEOS_DEPLOYMENT_TARGET = 11.3;
				MTL_ENABLE_DEBUG_INFO = YES;
				ONLY_ACTIVE_ARCH = YES;
				SDKROOT = iphoneos;
				SWIFT_ACTIVE_COMPILATION_CONDITIONS = DEBUG;
				SWIFT_OPTIMIZATION_LEVEL = "-Onone";
			};
			name = Debug;
		};
		CEBDD5E520B9D0CF005F38B7 /* Release */ = {
			isa = XCBuildConfiguration;
			buildSettings = {
				ALWAYS_SEARCH_USER_PATHS = NO;
				CLANG_ANALYZER_NONNULL = YES;
				CLANG_ANALYZER_NUMBER_OBJECT_CONVERSION = YES_AGGRESSIVE;
				CLANG_CXX_LANGUAGE_STANDARD = "gnu++14";
				CLANG_CXX_LIBRARY = "libc++";
				CLANG_ENABLE_MODULES = YES;
				CLANG_ENABLE_OBJC_ARC = YES;
				CLANG_ENABLE_OBJC_WEAK = YES;
				CLANG_WARN_BLOCK_CAPTURE_AUTORELEASING = YES;
				CLANG_WARN_BOOL_CONVERSION = YES;
				CLANG_WARN_COMMA = YES;
				CLANG_WARN_CONSTANT_CONVERSION = YES;
				CLANG_WARN_DEPRECATED_OBJC_IMPLEMENTATIONS = YES;
				CLANG_WARN_DIRECT_OBJC_ISA_USAGE = YES_ERROR;
				CLANG_WARN_DOCUMENTATION_COMMENTS = YES;
				CLANG_WARN_EMPTY_BODY = YES;
				CLANG_WARN_ENUM_CONVERSION = YES;
				CLANG_WARN_INFINITE_RECURSION = YES;
				CLANG_WARN_INT_CONVERSION = YES;
				CLANG_WARN_NON_LITERAL_NULL_CONVERSION = YES;
				CLANG_WARN_OBJC_IMPLICIT_RETAIN_SELF = YES;
				CLANG_WARN_OBJC_LITERAL_CONVERSION = YES;
				CLANG_WARN_OBJC_ROOT_CLASS = YES_ERROR;
				CLANG_WARN_RANGE_LOOP_ANALYSIS = YES;
				CLANG_WARN_STRICT_PROTOTYPES = YES;
				CLANG_WARN_SUSPICIOUS_MOVE = YES;
				CLANG_WARN_UNGUARDED_AVAILABILITY = YES_AGGRESSIVE;
				CLANG_WARN_UNREACHABLE_CODE = YES;
				CLANG_WARN__DUPLICATE_METHOD_MATCH = YES;
				CODE_SIGN_IDENTITY = "iPhone Developer";
				COPY_PHASE_STRIP = NO;
				DEBUG_INFORMATION_FORMAT = "dwarf-with-dsym";
				ENABLE_NS_ASSERTIONS = NO;
				ENABLE_STRICT_OBJC_MSGSEND = YES;
				GCC_C_LANGUAGE_STANDARD = gnu11;
				GCC_NO_COMMON_BLOCKS = YES;
				GCC_WARN_64_TO_32_BIT_CONVERSION = YES;
				GCC_WARN_ABOUT_RETURN_TYPE = YES_ERROR;
				GCC_WARN_UNDECLARED_SELECTOR = YES;
				GCC_WARN_UNINITIALIZED_AUTOS = YES_AGGRESSIVE;
				GCC_WARN_UNUSED_FUNCTION = YES;
				GCC_WARN_UNUSED_VARIABLE = YES;
				IPHONEOS_DEPLOYMENT_TARGET = 11.3;
				MTL_ENABLE_DEBUG_INFO = NO;
				SDKROOT = iphoneos;
				SWIFT_COMPILATION_MODE = wholemodule;
				SWIFT_OPTIMIZATION_LEVEL = "-O";
				VALIDATE_PRODUCT = YES;
			};
			name = Release;
		};
		CEBDD5E720B9D0CF005F38B7 /* Debug */ = {
			isa = XCBuildConfiguration;
			buildSettings = {
				ASSETCATALOG_COMPILER_APPICON_NAME = AppIcon;
				CODE_SIGN_STYLE = Automatic;
				DEVELOPMENT_TEAM = F3DZMTG4N6;
				INFOPLIST_FILE = "$(SRCROOT)/WeatherKitExample/Support Files/Info.plist";
				LD_RUNPATH_SEARCH_PATHS = (
					"$(inherited)",
					"@executable_path/Frameworks",
				);
				PRODUCT_BUNDLE_IDENTIFIER = com.davemess.WeatherKitExample;
				PRODUCT_NAME = "$(TARGET_NAME)";
				SWIFT_VERSION = 4.0;
				TARGETED_DEVICE_FAMILY = "1,2";
			};
			name = Debug;
		};
		CEBDD5E820B9D0CF005F38B7 /* Release */ = {
			isa = XCBuildConfiguration;
			buildSettings = {
				ASSETCATALOG_COMPILER_APPICON_NAME = AppIcon;
				CODE_SIGN_STYLE = Automatic;
				DEVELOPMENT_TEAM = F3DZMTG4N6;
				INFOPLIST_FILE = "$(SRCROOT)/WeatherKitExample/Support Files/Info.plist";
				LD_RUNPATH_SEARCH_PATHS = (
					"$(inherited)",
					"@executable_path/Frameworks",
				);
				PRODUCT_BUNDLE_IDENTIFIER = com.davemess.WeatherKitExample;
				PRODUCT_NAME = "$(TARGET_NAME)";
				SWIFT_VERSION = 4.0;
				TARGETED_DEVICE_FAMILY = "1,2";
			};
			name = Release;
		};
/* End XCBuildConfiguration section */

/* Begin XCConfigurationList section */
		CEBDD5CF20B9D0CE005F38B7 /* Build configuration list for PBXProject "WeatherKitExample" */ = {
			isa = XCConfigurationList;
			buildConfigurations = (
				CEBDD5E420B9D0CF005F38B7 /* Debug */,
				CEBDD5E520B9D0CF005F38B7 /* Release */,
			);
			defaultConfigurationIsVisible = 0;
			defaultConfigurationName = Release;
		};
		CEBDD5E620B9D0CF005F38B7 /* Build configuration list for PBXNativeTarget "WeatherKitExample" */ = {
			isa = XCConfigurationList;
			buildConfigurations = (
				CEBDD5E720B9D0CF005F38B7 /* Debug */,
				CEBDD5E820B9D0CF005F38B7 /* Release */,
			);
			defaultConfigurationIsVisible = 0;
			defaultConfigurationName = Release;
		};
/* End XCConfigurationList section */
	};
	rootObject = CEBDD5CC20B9D0CE005F38B7 /* Project object */;
}
